// !$*UTF8*$!
{
	archiveVersion = 1;
	classes = {
	};
	objectVersion = 77;
	objects = {

/* Begin PBXBuildFile section */
		02E711B348F0A6134E12B9CB /* MenubarTests.swift in Sources */ = {isa = PBXBuildFile; fileRef = AE3B6E6E790FC05428728089 /* MenubarTests.swift */; };
		10C477E52698AA8D23BB295D /* MaliPet.swift in Sources */ = {isa = PBXBuildFile; fileRef = F8BEEEE1C82135A15D3A50F5 /* MaliPet.swift */; };
		AA11BB22CC33DD44EE55FF01 /* CodogotchiPet.swift in Sources */ = {isa = PBXBuildFile; fileRef = AA11BB22CC33DD44EE55FF02 /* CodogotchiPet.swift */; };
		AA11BB22CC33DD44EE55FF03 /* CodogotchiPetTests.swift in Sources */ = {isa = PBXBuildFile; fileRef = AA11BB22CC33DD44EE55FF04 /* CodogotchiPetTests.swift */; };
		BB22CC33DD44EE55FF66AA01 /* PetConfig.swift in Sources */ = {isa = PBXBuildFile; fileRef = BB22CC33DD44EE55FF66AA02 /* PetConfig.swift */; };
		BB22CC33DD44EE55FF66AA03 /* PetConfigTests.swift in Sources */ = {isa = PBXBuildFile; fileRef = BB22CC33DD44EE55FF66AA04 /* PetConfigTests.swift */; };
		68F6834998A691C645CC84E7 /* state-json in Resources */ = {isa = PBXBuildFile; fileRef = 987A78AD0F583F16994A505C /* state-json */; };
		752D2A65FA6D3BD28A4CCC2A /* MenuItemsTests.swift in Sources */ = {isa = PBXBuildFile; fileRef = 1EFA6A07F8992B60FA1858E6 /* MenuItemsTests.swift */; };
		7C244C59EC0FAF582E7284AC /* MenubarRenderer.swift in Sources */ = {isa = PBXBuildFile; fileRef = 0271F5AA5F21B8EDF5C82E84 /* MenubarRenderer.swift */; };
		7E751B9BF8DA263107084E30 /* TransitionLog.swift in Sources */ = {isa = PBXBuildFile; fileRef = FD94064A39B7E8C7C327644C /* TransitionLog.swift */; };
		845772E367D28B7F9CD18235 /* MaliPetTests.swift in Sources */ = {isa = PBXBuildFile; fileRef = 08A2E1C50EB793ED6FA92CAA /* MaliPetTests.swift */; };
		8EF2C66FBB926E5B0DF59CA8 /* MenubarRendererTests.swift in Sources */ = {isa = PBXBuildFile; fileRef = 4F5763985E7CF09EB2581201 /* MenubarRendererTests.swift */; };
		931EB8334C9A3AA3F5A20372 /* DebugLog.swift in Sources */ = {isa = PBXBuildFile; fileRef = FEE7148D6EE1FD47FB1BACF7 /* DebugLog.swift */; };
		A03A23FB09ED671533A20EFA /* LivePollingTests.swift in Sources */ = {isa = PBXBuildFile; fileRef = 457FC0B4AD3EFF117739B3CE /* LivePollingTests.swift */; };
		AC9121969925747491D2102D /* DemoModeTests.swift in Sources */ = {isa = PBXBuildFile; fileRef = 912682799F951D41A1CC6E5F /* DemoModeTests.swift */; };
		C54078F86228C337F4208AA5 /* DemoConfig.swift in Sources */ = {isa = PBXBuildFile; fileRef = 2CE280854484C0B88CA21C06 /* DemoConfig.swift */; };
		C62A4CAD224C0A2833CD9439 /* MenubarMenu.swift in Sources */ = {isa = PBXBuildFile; fileRef = FDAD45AEF16502197B71A42A /* MenubarMenu.swift */; };
		C7BB44F43FB60F26B6FA683B /* MenubarApp.swift in Sources */ = {isa = PBXBuildFile; fileRef = A59F4B215B1B9640B87D3F60 /* MenubarApp.swift */; };
		DCA785FC4D7B0B5EEBD8C6E7 /* LivePollingDriver.swift in Sources */ = {isa = PBXBuildFile; fileRef = 8CCEB747D45D3F725F8076F9 /* LivePollingDriver.swift */; };
		E307399E36C6F7332B6F737C /* StateJsonReader.swift in Sources */ = {isa = PBXBuildFile; fileRef = 735029A7E0CB4D8E9388D392 /* StateJsonReader.swift */; };
		E6BCBF842471662C38B63C2A /* DemoCycleDriver.swift in Sources */ = {isa = PBXBuildFile; fileRef = 7D4224DA093A1F8EDBF805F5 /* DemoCycleDriver.swift */; };
		FD70D93A6151530FFDF449AF /* ActivityState.swift in Sources */ = {isa = PBXBuildFile; fileRef = 2CC00304AC7943871172F0CF /* ActivityState.swift */; };
		FDD54F7135091AEC8D875EFE /* StateJsonReaderTests.swift in Sources */ = {isa = PBXBuildFile; fileRef = B2D243946307FE7911C7D589 /* StateJsonReaderTests.swift */; };
		FF0870FA7D2F255AD5907981 /* TransitionLogTests.swift in Sources */ = {isa = PBXBuildFile; fileRef = E9B4E0E6767EDE5B7BA5E046 /* TransitionLogTests.swift */; };
/* End PBXBuildFile section */

/* Begin PBXContainerItemProxy section */
		8BFB4837C24F6BCA2CF6BD72 /* PBXContainerItemProxy */ = {
			isa = PBXContainerItemProxy;
			containerPortal = 3783ACDB1378077D78C2FDF8 /* Project object */;
			proxyType = 1;
			remoteGlobalIDString = 8113A01B766A0D591B4E9467;
			remoteInfo = Menubar;
		};
/* End PBXContainerItemProxy section */

/* Begin PBXFileReference section */
		0271F5AA5F21B8EDF5C82E84 /* MenubarRenderer.swift */ = {isa = PBXFileReference; lastKnownFileType = sourcecode.swift; path = MenubarRenderer.swift; sourceTree = "<group>"; };
		AA11BB22CC33DD44EE55FF02 /* CodogotchiPet.swift */ = {isa = PBXFileReference; lastKnownFileType = sourcecode.swift; path = CodogotchiPet.swift; sourceTree = "<group>"; };
		AA11BB22CC33DD44EE55FF04 /* CodogotchiPetTests.swift */ = {isa = PBXFileReference; lastKnownFileType = sourcecode.swift; path = CodogotchiPetTests.swift; sourceTree = "<group>"; };
		BB22CC33DD44EE55FF66AA02 /* PetConfig.swift */ = {isa = PBXFileReference; lastKnownFileType = sourcecode.swift; path = PetConfig.swift; sourceTree = "<group>"; };
		BB22CC33DD44EE55FF66AA04 /* PetConfigTests.swift */ = {isa = PBXFileReference; lastKnownFileType = sourcecode.swift; path = PetConfigTests.swift; sourceTree = "<group>"; };
		05E9D6BCC385819217B4AA37 /* MenubarTests.xctest */ = {isa = PBXFileReference; explicitFileType = wrapper.cfbundle; includeInIndex = 0; path = MenubarTests.xctest; sourceTree = BUILT_PRODUCTS_DIR; };
		08A2E1C50EB793ED6FA92CAA /* MaliPetTests.swift */ = {isa = PBXFileReference; lastKnownFileType = sourcecode.swift; path = MaliPetTests.swift; sourceTree = "<group>"; };
		1EFA6A07F8992B60FA1858E6 /* MenuItemsTests.swift */ = {isa = PBXFileReference; lastKnownFileType = sourcecode.swift; path = MenuItemsTests.swift; sourceTree = "<group>"; };
		2CC00304AC7943871172F0CF /* ActivityState.swift */ = {isa = PBXFileReference; lastKnownFileType = sourcecode.swift; path = ActivityState.swift; sourceTree = "<group>"; };
		2CE280854484C0B88CA21C06 /* DemoConfig.swift */ = {isa = PBXFileReference; lastKnownFileType = sourcecode.swift; path = DemoConfig.swift; sourceTree = "<group>"; };
		457FC0B4AD3EFF117739B3CE /* LivePollingTests.swift */ = {isa = PBXFileReference; lastKnownFileType = sourcecode.swift; path = LivePollingTests.swift; sourceTree = "<group>"; };
		4F5763985E7CF09EB2581201 /* MenubarRendererTests.swift */ = {isa = PBXFileReference; lastKnownFileType = sourcecode.swift; path = MenubarRendererTests.swift; sourceTree = "<group>"; };
		735029A7E0CB4D8E9388D392 /* StateJsonReader.swift */ = {isa = PBXFileReference; lastKnownFileType = sourcecode.swift; path = StateJsonReader.swift; sourceTree = "<group>"; };
		7D4224DA093A1F8EDBF805F5 /* DemoCycleDriver.swift */ = {isa = PBXFileReference; lastKnownFileType = sourcecode.swift; path = DemoCycleDriver.swift; sourceTree = "<group>"; };
		8CCEB747D45D3F725F8076F9 /* LivePollingDriver.swift */ = {isa = PBXFileReference; lastKnownFileType = sourcecode.swift; path = LivePollingDriver.swift; sourceTree = "<group>"; };
		912682799F951D41A1CC6E5F /* DemoModeTests.swift */ = {isa = PBXFileReference; lastKnownFileType = sourcecode.swift; path = DemoModeTests.swift; sourceTree = "<group>"; };
		987A78AD0F583F16994A505C /* state-json */ = {isa = PBXFileReference; lastKnownFileType = folder; name = "state-json"; path = "Fixtures/state-json"; sourceTree = SOURCE_ROOT; };
		A59F4B215B1B9640B87D3F60 /* MenubarApp.swift */ = {isa = PBXFileReference; lastKnownFileType = sourcecode.swift; path = MenubarApp.swift; sourceTree = "<group>"; };
		AE3B6E6E790FC05428728089 /* MenubarTests.swift */ = {isa = PBXFileReference; lastKnownFileType = sourcecode.swift; path = MenubarTests.swift; sourceTree = "<group>"; };
		B2D243946307FE7911C7D589 /* StateJsonReaderTests.swift */ = {isa = PBXFileReference; lastKnownFileType = sourcecode.swift; path = StateJsonReaderTests.swift; sourceTree = "<group>"; };
		E5BC4EC4E8A51958B2490271 /* Menubar.app */ = {isa = PBXFileReference; explicitFileType = wrapper.application; includeInIndex = 0; path = Menubar.app; sourceTree = BUILT_PRODUCTS_DIR; };
		E9B4E0E6767EDE5B7BA5E046 /* TransitionLogTests.swift */ = {isa = PBXFileReference; lastKnownFileType = sourcecode.swift; path = TransitionLogTests.swift; sourceTree = "<group>"; };
		F8BEEEE1C82135A15D3A50F5 /* MaliPet.swift */ = {isa = PBXFileReference; lastKnownFileType = sourcecode.swift; path = MaliPet.swift; sourceTree = "<group>"; };
		FD94064A39B7E8C7C327644C /* TransitionLog.swift */ = {isa = PBXFileReference; lastKnownFileType = sourcecode.swift; path = TransitionLog.swift; sourceTree = "<group>"; };
		FDAD45AEF16502197B71A42A /* MenubarMenu.swift */ = {isa = PBXFileReference; lastKnownFileType = sourcecode.swift; path = MenubarMenu.swift; sourceTree = "<group>"; };
		FEE7148D6EE1FD47FB1BACF7 /* DebugLog.swift */ = {isa = PBXFileReference; lastKnownFileType = sourcecode.swift; path = DebugLog.swift; sourceTree = "<group>"; };
/* End PBXFileReference section */

/* Begin PBXGroup section */
		0994AA723D09F6618041D36A = {
			isa = PBXGroup;
			children = (
				13D887FE1052F6E9B6A99794 /* Fixtures */,
				40A3E7D889D8B1374DEBA41A /* Sources */,
				1D7A57C0060C69986AEA7D8B /* Tests */,
				24E0F62FD8764901025863BE /* Products */,
			);
			sourceTree = "<group>";
		};
		13D887FE1052F6E9B6A99794 /* Fixtures */ = {
			isa = PBXGroup;
			children = (
				987A78AD0F583F16994A505C /* state-json */,
			);
			path = Fixtures;
			sourceTree = "<group>";
		};
		1D7A57C0060C69986AEA7D8B /* Tests */ = {
			isa = PBXGroup;
			children = (
				C340AB1C5E6BFAA81C79B160 /* MenubarTests */,
			);
			path = Tests;
			sourceTree = "<group>";
		};
		24E0F62FD8764901025863BE /* Products */ = {
			isa = PBXGroup;
			children = (
				E5BC4EC4E8A51958B2490271 /* Menubar.app */,
				05E9D6BCC385819217B4AA37 /* MenubarTests.xctest */,
			);
			name = Products;
			sourceTree = "<group>";
		};
		40A3E7D889D8B1374DEBA41A /* Sources */ = {
			isa = PBXGroup;
			children = (
				2CC00304AC7943871172F0CF /* ActivityState.swift */,
				FEE7148D6EE1FD47FB1BACF7 /* DebugLog.swift */,
				2CE280854484C0B88CA21C06 /* DemoConfig.swift */,
				7D4224DA093A1F8EDBF805F5 /* DemoCycleDriver.swift */,
				8CCEB747D45D3F725F8076F9 /* LivePollingDriver.swift */,
				AA11BB22CC33DD44EE55FF02 /* CodogotchiPet.swift */,
				F8BEEEE1C82135A15D3A50F5 /* MaliPet.swift */,
				BB22CC33DD44EE55FF66AA02 /* PetConfig.swift */,
				A59F4B215B1B9640B87D3F60 /* MenubarApp.swift */,
				FDAD45AEF16502197B71A42A /* MenubarMenu.swift */,
				0271F5AA5F21B8EDF5C82E84 /* MenubarRenderer.swift */,
				735029A7E0CB4D8E9388D392 /* StateJsonReader.swift */,
				FD94064A39B7E8C7C327644C /* TransitionLog.swift */,
			);
			path = Sources;
			sourceTree = "<group>";
		};
		C340AB1C5E6BFAA81C79B160 /* MenubarTests */ = {
			isa = PBXGroup;
			children = (
				912682799F951D41A1CC6E5F /* DemoModeTests.swift */,
				457FC0B4AD3EFF117739B3CE /* LivePollingTests.swift */,
				AA11BB22CC33DD44EE55FF04 /* CodogotchiPetTests.swift */,
				08A2E1C50EB793ED6FA92CAA /* MaliPetTests.swift */,
				BB22CC33DD44EE55FF66AA04 /* PetConfigTests.swift */,
				4F5763985E7CF09EB2581201 /* MenubarRendererTests.swift */,
				AE3B6E6E790FC05428728089 /* MenubarTests.swift */,
				1EFA6A07F8992B60FA1858E6 /* MenuItemsTests.swift */,
				B2D243946307FE7911C7D589 /* StateJsonReaderTests.swift */,
				E9B4E0E6767EDE5B7BA5E046 /* TransitionLogTests.swift */,
			);
			path = MenubarTests;
			sourceTree = "<group>";
		};
/* End PBXGroup section */

/* Begin PBXNativeTarget section */
		8113A01B766A0D591B4E9467 /* Menubar */ = {
			isa = PBXNativeTarget;
			buildConfigurationList = 881664D054EE8B100B8F3CFE /* Build configuration list for PBXNativeTarget "Menubar" */;
			buildPhases = (
				7705E5457CAAA63634EC3A01 /* Sources */,
				4C0E0E43465CEB6C6955B9A2 /* Resources */,
			);
			buildRules = (
			);
			dependencies = (
			);
			name = Menubar;
			packageProductDependencies = (
			);
			productName = Menubar;
			productReference = E5BC4EC4E8A51958B2490271 /* Menubar.app */;
			productType = "com.apple.product-type.application";
		};
		A51328E4770E96341C69068D /* MenubarTests */ = {
			isa = PBXNativeTarget;
			buildConfigurationList = 63E4B59F7D83B182C4DE31B0 /* Build configuration list for PBXNativeTarget "MenubarTests" */;
			buildPhases = (
				5C419F729837AE7E5798CDC2 /* Sources */,
			);
			buildRules = (
			);
			dependencies = (
				140CE4B17E7C9DF999879885 /* PBXTargetDependency */,
			);
			name = MenubarTests;
			packageProductDependencies = (
			);
			productName = MenubarTests;
			productReference = 05E9D6BCC385819217B4AA37 /* MenubarTests.xctest */;
			productType = "com.apple.product-type.bundle.unit-test";
		};
/* End PBXNativeTarget section */

/* Begin PBXProject section */
		3783ACDB1378077D78C2FDF8 /* Project object */ = {
			isa = PBXProject;
			attributes = {
				BuildIndependentTargetsInParallel = YES;
				LastUpgradeCheck = 1430;
				TargetAttributes = {
					8113A01B766A0D591B4E9467 = {
						DevelopmentTeam = "";
						ProvisioningStyle = Automatic;
					};
					A51328E4770E96341C69068D = {
						DevelopmentTeam = "";
						ProvisioningStyle = Automatic;
					};
				};
			};
			buildConfigurationList = 2DB5AADED4AF550AFDE71553 /* Build configuration list for PBXProject "Menubar" */;
			developmentRegion = en;
			hasScannedForEncodings = 0;
			knownRegions = (
				Base,
				en,
			);
			mainGroup = 0994AA723D09F6618041D36A;
			minimizedProjectReferenceProxies = 1;
			preferredProjectObjectVersion = 77;
			productRefGroup = 24E0F62FD8764901025863BE /* Products */;
			projectDirPath = "";
			projectRoot = "";
			targets = (
				8113A01B766A0D591B4E9467 /* Menubar */,
				A51328E4770E96341C69068D /* MenubarTests */,
			);
		};
/* End PBXProject section */

/* Begin PBXResourcesBuildPhase section */
		4C0E0E43465CEB6C6955B9A2 /* Resources */ = {
			isa = PBXResourcesBuildPhase;
			buildActionMask = 2147483647;
			files = (
				68F6834998A691C645CC84E7 /* state-json in Resources */,
			);
			runOnlyForDeploymentPostprocessing = 0;
		};
/* End PBXResourcesBuildPhase section */

/* Begin PBXSourcesBuildPhase section */
		5C419F729837AE7E5798CDC2 /* Sources */ = {
			isa = PBXSourcesBuildPhase;
			buildActionMask = 2147483647;
			files = (
				AC9121969925747491D2102D /* DemoModeTests.swift in Sources */,
				A03A23FB09ED671533A20EFA /* LivePollingTests.swift in Sources */,
				AA11BB22CC33DD44EE55FF03 /* CodogotchiPetTests.swift in Sources */,
				845772E367D28B7F9CD18235 /* MaliPetTests.swift in Sources */,
				BB22CC33DD44EE55FF66AA03 /* PetConfigTests.swift in Sources */,
				752D2A65FA6D3BD28A4CCC2A /* MenuItemsTests.swift in Sources */,
				8EF2C66FBB926E5B0DF59CA8 /* MenubarRendererTests.swift in Sources */,
				02E711B348F0A6134E12B9CB /* MenubarTests.swift in Sources */,
				FDD54F7135091AEC8D875EFE /* StateJsonReaderTests.swift in Sources */,
				FF0870FA7D2F255AD5907981 /* TransitionLogTests.swift in Sources */,
			);
			runOnlyForDeploymentPostprocessing = 0;
		};
		7705E5457CAAA63634EC3A01 /* Sources */ = {
			isa = PBXSourcesBuildPhase;
			buildActionMask = 2147483647;
			files = (
				FD70D93A6151530FFDF449AF /* ActivityState.swift in Sources */,
				931EB8334C9A3AA3F5A20372 /* DebugLog.swift in Sources */,
				C54078F86228C337F4208AA5 /* DemoConfig.swift in Sources */,
				E6BCBF842471662C38B63C2A /* DemoCycleDriver.swift in Sources */,
				DCA785FC4D7B0B5EEBD8C6E7 /* LivePollingDriver.swift in Sources */,
				AA11BB22CC33DD44EE55FF01 /* CodogotchiPet.swift in Sources */,
				10C477E52698AA8D23BB295D /* MaliPet.swift in Sources */,
				BB22CC33DD44EE55FF66AA01 /* PetConfig.swift in Sources */,
				C7BB44F43FB60F26B6FA683B /* MenubarApp.swift in Sources */,
				C62A4CAD224C0A2833CD9439 /* MenubarMenu.swift in Sources */,
				7C244C59EC0FAF582E7284AC /* MenubarRenderer.swift in Sources */,
				E307399E36C6F7332B6F737C /* StateJsonReader.swift in Sources */,
				7E751B9BF8DA263107084E30 /* TransitionLog.swift in Sources */,
			);
			runOnlyForDeploymentPostprocessing = 0;
		};
/* End PBXSourcesBuildPhase section */

/* Begin PBXTargetDependency section */
		140CE4B17E7C9DF999879885 /* PBXTargetDependency */ = {
			isa = PBXTargetDependency;
			target = 8113A01B766A0D591B4E9467 /* Menubar */;
			targetProxy = 8BFB4837C24F6BCA2CF6BD72 /* PBXContainerItemProxy */;
		};
/* End PBXTargetDependency section */

/* Begin XCBuildConfiguration section */
		0B8D1ED720E2374473CB4332 /* Debug */ = {
			isa = XCBuildConfiguration;
			buildSettings = {
				ASSETCATALOG_COMPILER_APPICON_NAME = AppIcon;
				COMBINE_HIDPI_IMAGES = YES;
				GENERATE_INFOPLIST_FILE = NO;
				INFOPLIST_FILE = Info.plist;
				LD_RUNPATH_SEARCH_PATHS = (
					"$(inherited)",
					"@executable_path/../Frameworks",
				);
				PRODUCT_BUNDLE_IDENTIFIER = com.codogotchi.menubar;
				PRODUCT_NAME = Menubar;
				SDKROOT = macosx;
			};
			name = Debug;
		};
		32DBAFE7BA44819C4F69654F /* Release */ = {
			isa = XCBuildConfiguration;
			buildSettings = {
				BUNDLE_LOADER = "$(TEST_HOST)";
				COMBINE_HIDPI_IMAGES = YES;
				GENERATE_INFOPLIST_FILE = YES;
				LD_RUNPATH_SEARCH_PATHS = (
					"$(inherited)",
					"@executable_path/../Frameworks",
					"@loader_path/../Frameworks",
				);
				PRODUCT_BUNDLE_IDENTIFIER = com.codogotchi.menubar.tests;
				SDKROOT = macosx;
				TEST_HOST = "$(BUILT_PRODUCTS_DIR)/Menubar.app/Contents/MacOS/Menubar";
			};
			name = Release;
		};
		5675464F48FA6AF46784B386 /* Debug */ = {
			isa = XCBuildConfiguration;
			buildSettings = {
				ALWAYS_SEARCH_USER_PATHS = NO;
				CLANG_ANALYZER_NONNULL = YES;
				CLANG_ANALYZER_NUMBER_OBJECT_CONVERSION = YES_AGGRESSIVE;
				CLANG_CXX_LANGUAGE_STANDARD = "gnu++14";
				CLANG_CXX_LIBRARY = "libc++";
				CLANG_ENABLE_MODULES = YES;
				CLANG_ENABLE_OBJC_ARC = YES;
				CLANG_ENABLE_OBJC_WEAK = YES;
				CLANG_WARN_BLOCK_CAPTURE_AUTORELEASING = YES;
				CLANG_WARN_BOOL_CONVERSION = YES;
				CLANG_WARN_COMMA = YES;
				CLANG_WARN_CONSTANT_CONVERSION = YES;
				CLANG_WARN_DEPRECATED_OBJC_IMPLEMENTATIONS = YES;
				CLANG_WARN_DIRECT_OBJC_ISA_USAGE = YES_ERROR;
				CLANG_WARN_DOCUMENTATION_COMMENTS = YES;
				CLANG_WARN_EMPTY_BODY = YES;
				CLANG_WARN_ENUM_CONVERSION = YES;
				CLANG_WARN_INFINITE_RECURSION = YES;
				CLANG_WARN_INT_CONVERSION = YES;
				CLANG_WARN_NON_LITERAL_NULL_CONVERSION = YES;
				CLANG_WARN_OBJC_IMPLICIT_RETAIN_SELF = YES;
				CLANG_WARN_OBJC_LITERAL_CONVERSION = YES;
				CLANG_WARN_OBJC_ROOT_CLASS = YES_ERROR;
				CLANG_WARN_QUOTED_INCLUDE_IN_FRAMEWORK_HEADER = YES;
				CLANG_WARN_RANGE_LOOP_ANALYSIS = YES;
				CLANG_WARN_STRICT_PROTOTYPES = YES;
				CLANG_WARN_SUSPICIOUS_MOVE = YES;
				CLANG_WARN_UNGUARDED_AVAILABILITY = YES_AGGRESSIVE;
				CLANG_WARN_UNREACHABLE_CODE = YES;
				CLANG_WARN__DUPLICATE_METHOD_MATCH = YES;
				CODE_SIGN_IDENTITY = "-";
				CODE_SIGN_STYLE = Automatic;
				COPY_PHASE_STRIP = NO;
				DEBUG_INFORMATION_FORMAT = dwarf;
				DEVELOPMENT_TEAM = "";
				ENABLE_STRICT_OBJC_MSGSEND = YES;
				ENABLE_TESTABILITY = YES;
				GCC_C_LANGUAGE_STANDARD = gnu11;
				GCC_DYNAMIC_NO_PIC = NO;
				GCC_NO_COMMON_BLOCKS = YES;
				GCC_OPTIMIZATION_LEVEL = 0;
				GCC_PREPROCESSOR_DEFINITIONS = (
					"$(inherited)",
					"DEBUG=1",
				);
				GCC_WARN_64_TO_32_BIT_CONVERSION = YES;
				GCC_WARN_ABOUT_RETURN_TYPE = YES_ERROR;
				GCC_WARN_UNDECLARED_SELECTOR = YES;
				GCC_WARN_UNINITIALIZED_AUTOS = YES_AGGRESSIVE;
				GCC_WARN_UNUSED_FUNCTION = YES;
				GCC_WARN_UNUSED_VARIABLE = YES;
				MACOSX_DEPLOYMENT_TARGET = 13.0;
				MTL_ENABLE_DEBUG_INFO = INCLUDE_SOURCE;
				MTL_FAST_MATH = YES;
				ONLY_ACTIVE_ARCH = YES;
				PRODUCT_NAME = "$(TARGET_NAME)";
				SDKROOT = macosx;
				SWIFT_ACTIVE_COMPILATION_CONDITIONS = DEBUG;
				SWIFT_OPTIMIZATION_LEVEL = "-Onone";
				SWIFT_VERSION = 5.10;
			};
			name = Debug;
		};
		A78EBD0E0C630A054CD61430 /* Debug */ = {
			isa = XCBuildConfiguration;
			buildSettings = {
				BUNDLE_LOADER = "$(TEST_HOST)";
				COMBINE_HIDPI_IMAGES = YES;
				GENERATE_INFOPLIST_FILE = YES;
				LD_RUNPATH_SEARCH_PATHS = (
					"$(inherited)",
					"@executable_path/../Frameworks",
					"@loader_path/../Frameworks",
				);
				PRODUCT_BUNDLE_IDENTIFIER = com.codogotchi.menubar.tests;
				SDKROOT = macosx;
				TEST_HOST = "$(BUILT_PRODUCTS_DIR)/Menubar.app/Contents/MacOS/Menubar";
			};
			name = Debug;
		};
		E36A1B70367545E8E780CABB /* Release */ = {
			isa = XCBuildConfiguration;
			buildSettings = {
				ASSETCATALOG_COMPILER_APPICON_NAME = AppIcon;
				COMBINE_HIDPI_IMAGES = YES;
				GENERATE_INFOPLIST_FILE = NO;
				INFOPLIST_FILE = Info.plist;
				LD_RUNPATH_SEARCH_PATHS = (
					"$(inherited)",
					"@executable_path/../Frameworks",
				);
				PRODUCT_BUNDLE_IDENTIFIER = com.codogotchi.menubar;
				PRODUCT_NAME = Menubar;
				SDKROOT = macosx;
			};
			name = Release;
		};
		E9C11FEB42CC168BB19714D4 /* Release */ = {
			isa = XCBuildConfiguration;
			buildSettings = {
				ALWAYS_SEARCH_USER_PATHS = NO;
				CLANG_ANALYZER_NONNULL = YES;
				CLANG_ANALYZER_NUMBER_OBJECT_CONVERSION = YES_AGGRESSIVE;
				CLANG_CXX_LANGUAGE_STANDARD = "gnu++14";
				CLANG_CXX_LIBRARY = "libc++";
				CLANG_ENABLE_MODULES = YES;
				CLANG_ENABLE_OBJC_ARC = YES;
				CLANG_ENABLE_OBJC_WEAK = YES;
				CLANG_WARN_BLOCK_CAPTURE_AUTORELEASING = YES;
				CLANG_WARN_BOOL_CONVERSION = YES;
				CLANG_WARN_COMMA = YES;
				CLANG_WARN_CONSTANT_CONVERSION = YES;
				CLANG_WARN_DEPRECATED_OBJC_IMPLEMENTATIONS = YES;
				CLANG_WARN_DIRECT_OBJC_ISA_USAGE = YES_ERROR;
				CLANG_WARN_DOCUMENTATION_COMMENTS = YES;
				CLANG_WARN_EMPTY_BODY = YES;
				CLANG_WARN_ENUM_CONVERSION = YES;
				CLANG_WARN_INFINITE_RECURSION = YES;
				CLANG_WARN_INT_CONVERSION = YES;
				CLANG_WARN_NON_LITERAL_NULL_CONVERSION = YES;
				CLANG_WARN_OBJC_IMPLICIT_RETAIN_SELF = YES;
				CLANG_WARN_OBJC_LITERAL_CONVERSION = YES;
				CLANG_WARN_OBJC_ROOT_CLASS = YES_ERROR;
				CLANG_WARN_QUOTED_INCLUDE_IN_FRAMEWORK_HEADER = YES;
				CLANG_WARN_RANGE_LOOP_ANALYSIS = YES;
				CLANG_WARN_STRICT_PROTOTYPES = YES;
				CLANG_WARN_SUSPICIOUS_MOVE = YES;
				CLANG_WARN_UNGUARDED_AVAILABILITY = YES_AGGRESSIVE;
				CLANG_WARN_UNREACHABLE_CODE = YES;
				CLANG_WARN__DUPLICATE_METHOD_MATCH = YES;
				CODE_SIGN_IDENTITY = "-";
				CODE_SIGN_STYLE = Automatic;
				COPY_PHASE_STRIP = NO;
				DEBUG_INFORMATION_FORMAT = "dwarf-with-dsym";
				DEVELOPMENT_TEAM = "";
				ENABLE_NS_ASSERTIONS = NO;
				ENABLE_STRICT_OBJC_MSGSEND = YES;
				GCC_C_LANGUAGE_STANDARD = gnu11;
				GCC_NO_COMMON_BLOCKS = YES;
				GCC_WARN_64_TO_32_BIT_CONVERSION = YES;
				GCC_WARN_ABOUT_RETURN_TYPE = YES_ERROR;
				GCC_WARN_UNDECLARED_SELECTOR = YES;
				GCC_WARN_UNINITIALIZED_AUTOS = YES_AGGRESSIVE;
				GCC_WARN_UNUSED_FUNCTION = YES;
				GCC_WARN_UNUSED_VARIABLE = YES;
				MACOSX_DEPLOYMENT_TARGET = 13.0;
				MTL_ENABLE_DEBUG_INFO = NO;
				MTL_FAST_MATH = YES;
				PRODUCT_NAME = "$(TARGET_NAME)";
				SDKROOT = macosx;
				SWIFT_COMPILATION_MODE = wholemodule;
				SWIFT_OPTIMIZATION_LEVEL = "-O";
				SWIFT_VERSION = 5.10;
			};
			name = Release;
		};
/* End XCBuildConfiguration section */

/* Begin XCConfigurationList section */
		2DB5AADED4AF550AFDE71553 /* Build configuration list for PBXProject "Menubar" */ = {
			isa = XCConfigurationList;
			buildConfigurations = (
				5675464F48FA6AF46784B386 /* Debug */,
				E9C11FEB42CC168BB19714D4 /* Release */,
			);
			defaultConfigurationIsVisible = 0;
			defaultConfigurationName = Debug;
		};
		63E4B59F7D83B182C4DE31B0 /* Build configuration list for PBXNativeTarget "MenubarTests" */ = {
			isa = XCConfigurationList;
			buildConfigurations = (
				A78EBD0E0C630A054CD61430 /* Debug */,
				32DBAFE7BA44819C4F69654F /* Release */,
			);
			defaultConfigurationIsVisible = 0;
			defaultConfigurationName = Debug;
		};
		881664D054EE8B100B8F3CFE /* Build configuration list for PBXNativeTarget "Menubar" */ = {
			isa = XCConfigurationList;
			buildConfigurations = (
				0B8D1ED720E2374473CB4332 /* Debug */,
				E36A1B70367545E8E780CABB /* Release */,
			);
			defaultConfigurationIsVisible = 0;
			defaultConfigurationName = Debug;
		};
/* End XCConfigurationList section */
	};
	rootObject = 3783ACDB1378077D78C2FDF8 /* Project object */;
}
